
Microsoft Visual Studio Solution File, Format Version 12.00
Project("{FAE04EC0-301F-11D3-BF4B-00C04F79EFBC}") = "OfflineTicketingSystem", "OfflineTicketingSystem\OfflineTicketingSystem.csproj", "{3593D324-4DE5-446F-B4A9-922F840ECBFB}"
EndProject
Project("{2150E333-8FDC-42A3-9474-1A3956D46DE8}") = "Solution Items", "Solution Items", "{EBFAFA6C-4974-4189-B82A-28E88C155C16}"
	ProjectSection(SolutionItems) = preProject
		compose.yaml = compose.yaml
	EndProjectSection
EndProject
Global
	GlobalSection(SolutionConfigurationPlatforms) = preSolution
		Debug|Any CPU = Debug|Any CPU
		Release|Any CPU = Release|Any CPU
	EndGlobalSection
	GlobalSection(ProjectConfigurationPlatforms) = postSolution
		{3593D324-4DE5-446F-B4A9-922F840ECBFB}.Debug|Any CPU.ActiveCfg = Debug|Any CPU
		{3593D324-4DE5-446F-B4A9-922F840ECBFB}.Debug|Any CPU.Build.0 = Debug|Any CPU
		{3593D324-4DE5-446F-B4A9-922F840ECBFB}.Release|Any CPU.ActiveCfg = Release|Any CPU
		{3593D324-4DE5-446F-B4A9-922F840ECBFB}.Release|Any CPU.Build.0 = Release|Any CPU
	EndGlobalSection
EndGlobal
